
Microsoft Visual Studio Solution File, Format Version 12.00
# Visual Studio 14
VisualStudioVersion = 14.0.25420.1
MinimumVisualStudioVersion = 10.0.40219.1
Project("{FAE04EC0-301F-11D3-BF4B-00C04F79EFBC}") = "Oryx.SpiderCore", "Oryx.SpiderCore\Oryx.SpiderCore.csproj", "{EF1D291F-8436-474C-928C-90534494A219}"
EndProject
Project("{FAE04EC0-301F-11D3-BF4B-00C04F79EFBC}") = "Oryx.Spider.Demo", "Oryx.Spider.Demo\Oryx.Spider.Demo.csproj", "{834A6578-1938-45E0-AB7E-C964DB9B86E4}"
EndProject
Global
	GlobalSection(SolutionConfigurationPlatforms) = preSolution
		Debug|Any CPU = Debug|Any CPU
		Release|Any CPU = Release|Any CPU
	EndGlobalSection
	GlobalSection(ProjectConfigurationPlatforms) = postSolution
		{EF1D291F-8436-474C-928C-90534494A219}.Debug|Any CPU.ActiveCfg = Debug|Any CPU
		{EF1D291F-8436-474C-928C-90534494A219}.Debug|Any CPU.Build.0 = Debug|Any CPU
		{EF1D291F-8436-474C-928C-90534494A219}.Release|Any CPU.ActiveCfg = Release|Any CPU
		{EF1D291F-8436-474C-928C-90534494A219}.Release|Any CPU.Build.0 = Release|Any CPU
		{834A6578-1938-45E0-AB7E-C964DB9B86E4}.Debug|Any CPU.ActiveCfg = Debug|Any CPU
		{834A6578-1938-45E0-AB7E-C964DB9B86E4}.Debug|Any CPU.Build.0 = Debug|Any CPU
		{834A6578-1938-45E0-AB7E-C964DB9B86E4}.Release|Any CPU.ActiveCfg = Release|Any CPU
		{834A6578-1938-45E0-AB7E-C964DB9B86E4}.Release|Any CPU.Build.0 = Release|Any CPU
	EndGlobalSection
	GlobalSection(SolutionProperties) = preSolution
		HideSolutionNode = FALSE
	EndGlobalSection
EndGlobal
